{
  "name": "@thezelijah/majik-message",
  "version": "1.0.9",
  "lockfileVersion": 3,
  "requires": true,
  "packages": {
    "": {
      "name": "@thezelijah/majik-message",
      "version": "1.0.9",
      "license": "Apache-2.0",
      "dependencies": {
        "@bokuweb/zstd-wasm": "^0.0.27",
        "@scure/bip39": "^1.6.0",
        "@stablelib/aes": "^2.0.1",
        "@stablelib/ed25519": "^2.0.2",
        "@stablelib/gcm": "^2.0.1",
        "@stablelib/pbkdf2": "^2.0.1",
        "@stablelib/random": "^2.0.1",
        "@stablelib/sha256": "^2.0.1",
        "@stablelib/x25519": "^2.0.1",
        "@thezelijah/majik-message": "^1.0.9",
        "ed2curve": "^0.3.0",
        "fernet": "^0.3.3",
        "fflate": "^0.8.2",
        "idb": "^8.0.3",
        "nanoid": "^5.1.6"
      },
      "devDependencies": {
        "@types/ed2curve": "^0.2.4",
        "@types/fernet": "^0.4.3",
        "@types/node": "^25.0.3",
        "typescript": "^5.9.3"
      }
    },
    "node_modules/@bokuweb/zstd-wasm": {
      "version": "0.0.27",
      "resolved": "https://registry.npmjs.org/@bokuweb/zstd-wasm/-/zstd-wasm-0.0.27.tgz",
      "integrity": "sha512-GDm2uOTK3ESjnYmSeLQifJnBsRCWajKLvN32D2ZcQaaCIJI/Hse9s74f7APXjHit95S10UImsRGkTsbwHmrtmg==",
      "license": "MIT"
    },
    "node_modules/@noble/hashes": {
      "version": "1.8.0",
      "resolved": "https://registry.npmjs.org/@noble/hashes/-/hashes-1.8.0.tgz",
      "integrity": "sha512-jCs9ldd7NwzpgXDIf6P3+NrHh9/sD6CQdxHyjQI+h/6rDNo88ypBxxz45UDuZHz9r3tNz7N/VInSVoVdtXEI4A==",
      "license": "MIT",
      "engines": {
        "node": "^14.21.3 || >=16"
      },
      "funding": {
        "url": "https://paulmillr.com/funding/"
      }
    },
    "node_modules/@scure/base": {
      "version": "1.2.6",
      "resolved": "https://registry.npmjs.org/@scure/base/-/base-1.2.6.tgz",
      "integrity": "sha512-g/nm5FgUa//MCj1gV09zTJTaM6KBAHqLN907YVQqf7zC49+DcO4B1so4ZX07Ef10Twr6nuqYEH9GEggFXA4Fmg==",
      "license": "MIT",
      "funding": {
        "url": "https://paulmillr.com/funding/"
      }
    },
    "node_modules/@scure/bip39": {
      "version": "1.6.0",
      "resolved": "https://registry.npmjs.org/@scure/bip39/-/bip39-1.6.0.tgz",
      "integrity": "sha512-+lF0BbLiJNwVlev4eKelw1WWLaiKXw7sSl8T6FvBlWkdX+94aGJ4o8XjUdlyhTCjd8c+B3KT3JfS8P0bLRNU6A==",
      "license": "MIT",
      "dependencies": {
        "@noble/hashes": "~1.8.0",
        "@scure/base": "~1.2.5"
      },
      "funding": {
        "url": "https://paulmillr.com/funding/"
      }
    },
    "node_modules/@stablelib/aead": {
      "version": "2.0.0",
      "resolved": "https://registry.npmjs.org/@stablelib/aead/-/aead-2.0.0.tgz",
      "integrity": "sha512-U/RMANRxbT/ahIpYsPSiFwDFNjADHdnCFfmo09MO1ai2XmerPAOPtMl0qmX7XVvygnACC6ijKDyHBoT2rGyElg==",
      "license": "MIT"
    },
    "node_modules/@stablelib/aes": {
      "version": "2.0.1",
      "resolved": "https://registry.npmjs.org/@stablelib/aes/-/aes-2.0.1.tgz",
      "integrity": "sha512-LpDuPe9Cr/IXXJaCHDCAITtVa7uLV6P+Cs3V8lZw87sElX7eOLk1OHTSzzvWagTJf++O+o3EISawHh1uzyi4qw==",
      "license": "MIT",
      "dependencies": {
        "@stablelib/binary": "^2.0.1",
        "@stablelib/blockcipher": "^2.0.0",
        "@stablelib/wipe": "^2.0.1"
      }
    },
    "node_modules/@stablelib/binary": {
      "version": "2.0.1",
      "resolved": "https://registry.npmjs.org/@stablelib/binary/-/binary-2.0.1.tgz",
      "integrity": "sha512-U9iAO8lXgEDONsA0zPPSgcf3HUBNAqHiJmSHgZz62OvC3Hi2Bhc5kTnQ3S1/L+sthDTHtCMhcEiklmIly6uQ3w==",
      "license": "MIT",
      "dependencies": {
        "@stablelib/int": "^2.0.1"
      }
    },
    "node_modules/@stablelib/blockcipher": {
      "version": "2.0.0",
      "resolved": "https://registry.npmjs.org/@stablelib/blockcipher/-/blockcipher-2.0.0.tgz",
      "integrity": "sha512-c0iMTah5a5KxeqVyf6ejpaRkYanODvGaQn8wgvLLAnY23fHZMjhR6ycQVvasW2nIzAmc+faetpRORJqAfaE/yw==",
      "license": "MIT"
    },
    "node_modules/@stablelib/bytes": {
      "version": "2.0.1",
      "resolved": "https://registry.npmjs.org/@stablelib/bytes/-/bytes-2.0.1.tgz",
      "integrity": "sha512-QIzI6V7nkJA5CjOZ7GoceBd4CIKrJoC471VaI6jh1xPQ2cMhkhQK4HddyzCXOR2y+fBF3/5B2HO3FXXI9C+Xzg==",
      "license": "MIT"
    },
    "node_modules/@stablelib/constant-time": {
      "version": "2.0.1",
      "resolved": "https://registry.npmjs.org/@stablelib/constant-time/-/constant-time-2.0.1.tgz",
      "integrity": "sha512-0NWPogffRm+UWBH0+iM5otZmNrVe5OHFIvyoNIVankMAYOQzMwcdVALOVPrB5Ho0dST+Oc3H8/hPh65Z8R/uew==",
      "license": "MIT"
    },
    "node_modules/@stablelib/ctr": {
      "version": "2.0.1",
      "resolved": "https://registry.npmjs.org/@stablelib/ctr/-/ctr-2.0.1.tgz",
      "integrity": "sha512-lV5klc4348B21/kw2O88RivMDFCryaprHtzxk6wk+eS3X2ZiPDzKpsKCSOLcklDDynueGKgdxFDkf3L8YFCmPg==",
      "license": "MIT",
      "dependencies": {
        "@stablelib/blockcipher": "^2.0.0",
        "@stablelib/wipe": "^2.0.1"
      }
    },
    "node_modules/@stablelib/ed25519": {
      "version": "2.0.2",
      "resolved": "https://registry.npmjs.org/@stablelib/ed25519/-/ed25519-2.0.2.tgz",
      "integrity": "sha512-d/lJ5sgzhtmpMIbKFWfev+i6WebBdIzzBpMzXtZdvUijoksjXosYFNqytoMj7cRshNj+/XTLYnnVMdZfd+penw==",
      "license": "MIT",
      "dependencies": {
        "@stablelib/random": "^2.0.1",
        "@stablelib/sha512": "^2.0.1",
        "@stablelib/wipe": "^2.0.1"
      }
    },
    "node_modules/@stablelib/gcm": {
      "version": "2.0.1",
      "resolved": "https://registry.npmjs.org/@stablelib/gcm/-/gcm-2.0.1.tgz",
      "integrity": "sha512-M5el8454c3Yy7NTQtDovonFl+e9b7vaNksYfJJErL3fFUGs7AsWF3rSSYSokrbtY3t00ywv+w4WjYh0kcaez/Q==",
      "license": "MIT",
      "dependencies": {
        "@stablelib/aead": "^2.0.0",
        "@stablelib/binary": "^2.0.1",
        "@stablelib/blockcipher": "^2.0.0",
        "@stablelib/constant-time": "^2.0.1",
        "@stablelib/ctr": "^2.0.1",
        "@stablelib/wipe": "^2.0.1"
      }
    },
    "node_modules/@stablelib/hash": {
      "version": "2.0.0",
      "resolved": "https://registry.npmjs.org/@stablelib/hash/-/hash-2.0.0.tgz",
      "integrity": "sha512-u3WPSqGido8lwJuMcrBgM5K54LrPGhkWAdtsyccf7dGsLixAZUds77zOAbu7bvKPwQlmoByH0txBi5rTmEKuHg==",
      "license": "MIT"
    },
    "node_modules/@stablelib/hmac": {
      "version": "2.0.1",
      "resolved": "https://registry.npmjs.org/@stablelib/hmac/-/hmac-2.0.1.tgz",
      "integrity": "sha512-YDMEmogYNDWESU8ggMiTi4VDMfHt2XG+pgVskJCHuKVlmWwXxYKZ6bn5dq24/jU3vzZSajwKzRCU6iafT2OKUA==",
      "license": "MIT",
      "dependencies": {
        "@stablelib/constant-time": "^2.0.1",
        "@stablelib/hash": "^2.0.0",
        "@stablelib/wipe": "^2.0.1"
      }
    },
    "node_modules/@stablelib/int": {
      "version": "2.0.1",
      "resolved": "https://registry.npmjs.org/@stablelib/int/-/int-2.0.1.tgz",
      "integrity": "sha512-Ht63fQp3wz/F8U4AlXEPb7hfJOIILs8Lq55jgtD7KueWtyjhVuzcsGLSTAWtZs3XJDZYdF1WcSKn+kBtbzupww==",
      "license": "MIT"
    },
    "node_modules/@stablelib/keyagreement": {
      "version": "2.0.1",
      "resolved": "https://registry.npmjs.org/@stablelib/keyagreement/-/keyagreement-2.0.1.tgz",
      "integrity": "sha512-2+tWBLCMtWlHQ7GqjD5L+lQRyWtun4Lou0IOdTML8zuTuAS0EgihnHFx+4uMZwYU1In40J/WlpyKSLidHfStRQ==",
      "license": "MIT",
      "dependencies": {
        "@stablelib/bytes": "^2.0.1"
      }
    },
    "node_modules/@stablelib/pbkdf2": {
      "version": "2.0.1",
      "resolved": "https://registry.npmjs.org/@stablelib/pbkdf2/-/pbkdf2-2.0.1.tgz",
      "integrity": "sha512-sSY6X9DHLPX8fPVQnK1t77InzCzHJpnpuTidEE/kFq/aUWdnx2g7i718KV5hbRSQJ5mobPeoCoCciIB6R7mm7w==",
      "license": "MIT",
      "dependencies": {
        "@stablelib/binary": "^2.0.1",
        "@stablelib/hash": "^2.0.0",
        "@stablelib/hmac": "^2.0.1",
        "@stablelib/wipe": "^2.0.1"
      }
    },
    "node_modules/@stablelib/random": {
      "version": "2.0.1",
      "resolved": "https://registry.npmjs.org/@stablelib/random/-/random-2.0.1.tgz",
      "integrity": "sha512-W6GAtXEEs7r+dSbuBsvoFmlyL3gLxle41tQkjKu17dDWtDdjhVUbtRfRCQcCUeczwkgjQxMPopgwYEvxXtHXGw==",
      "license": "MIT",
      "dependencies": {
        "@stablelib/binary": "^2.0.1",
        "@stablelib/wipe": "^2.0.1"
      }
    },
    "node_modules/@stablelib/sha256": {
      "version": "2.0.1",
      "resolved": "https://registry.npmjs.org/@stablelib/sha256/-/sha256-2.0.1.tgz",
      "integrity": "sha512-LA1PaLDc6Lv72ppA4PEZ7abDE741KfG7k7QhBiUyIfViMqrwWv8HqQQFPeuPfS4k2OxFv++IAgc8HlvdBatD+w==",
      "license": "MIT",
      "dependencies": {
        "@stablelib/binary": "^2.0.1",
        "@stablelib/hash": "^2.0.0",
        "@stablelib/wipe": "^2.0.1"
      }
    },
    "node_modules/@stablelib/sha512": {
      "version": "2.0.1",
      "resolved": "https://registry.npmjs.org/@stablelib/sha512/-/sha512-2.0.1.tgz",
      "integrity": "sha512-DUNe5cbnoH3sSIN+MG04RvTCLXtkbyy/SnQxiNO+GgF/KSXkkUSlF6mUVvCUdZBZ2X3NgogR+tAvaRSn8wxnLw==",
      "license": "MIT",
      "dependencies": {
        "@stablelib/binary": "^2.0.1",
        "@stablelib/hash": "^2.0.0",
        "@stablelib/wipe": "^2.0.1"
      }
    },
    "node_modules/@stablelib/wipe": {
      "version": "2.0.1",
      "resolved": "https://registry.npmjs.org/@stablelib/wipe/-/wipe-2.0.1.tgz",
      "integrity": "sha512-1eU2K9EgOcV4qc9jcP6G72xxZxEm5PfeI5H55l08W95b4oRJaqhmlWRc4xZAm6IVSKhVNxMi66V67hCzzuMTAg==",
      "license": "MIT"
    },
    "node_modules/@stablelib/x25519": {
      "version": "2.0.1",
      "resolved": "https://registry.npmjs.org/@stablelib/x25519/-/x25519-2.0.1.tgz",
      "integrity": "sha512-qi04HS2puHaBf50kM/kes5QcZFGsx8yF0YmCjLCOa/LPmnBaKEKX9ZR82OnnCwMn72YH13R/bBZgr/UP0aPFfA==",
      "license": "MIT",
      "dependencies": {
        "@stablelib/keyagreement": "^2.0.1",
        "@stablelib/random": "^2.0.1",
        "@stablelib/wipe": "^2.0.1"
      }
    },
    "node_modules/@thezelijah/majik-message": {
      "version": "1.0.9",
      "resolved": "https://registry.npmjs.org/@thezelijah/majik-message/-/majik-message-1.0.9.tgz",
      "integrity": "sha512-HmotULUHsAIXc9wYSR/YfxKLRLXyLOz7l4F8j6VQXposy4W2ypXTc1gd20SIYxjZEbG+4K1OmFC1wrMDN3M9TA==",
      "license": "Apache-2.0",
      "dependencies": {
        "@bokuweb/zstd-wasm": "^0.0.27",
        "@scure/bip39": "^1.6.0",
        "@stablelib/aes": "^2.0.1",
        "@stablelib/ed25519": "^2.0.2",
        "@stablelib/gcm": "^2.0.1",
        "@stablelib/pbkdf2": "^2.0.1",
        "@stablelib/random": "^2.0.1",
        "@stablelib/sha256": "^2.0.1",
        "@stablelib/x25519": "^2.0.1",
        "ed2curve": "^0.3.0",
        "fernet": "^0.3.3",
        "fflate": "^0.8.2",
        "idb": "^8.0.3",
        "nanoid": "^5.1.6"
      }
    },
    "node_modules/@types/crypto-js": {
      "version": "4.2.2",
      "resolved": "https://registry.npmjs.org/@types/crypto-js/-/crypto-js-4.2.2.tgz",
      "integrity": "sha512-sDOLlVbHhXpAUAL0YHDUUwDZf3iN4Bwi4W6a0W0b+QcAezUbRtH4FVb+9J4h+XFPW7l/gQ9F8qC7P+Ec4k8QVQ==",
      "dev": true,
      "license": "MIT"
    },
    "node_modules/@types/ed2curve": {
      "version": "0.2.4",
      "resolved": "https://registry.npmjs.org/@types/ed2curve/-/ed2curve-0.2.4.tgz",
      "integrity": "sha512-1m9IX8qypOa0K1NfdMsMxB3gjhKyXbr5Yl9FzzwWQjLSDFGLkvRvSfla1NYqzIt72ocIALMXsF+twRlzr1ov/g==",
      "dev": true,
      "license": "MIT",
      "dependencies": {
        "tweetnacl": "^1.0.0"
      }
    },
    "node_modules/@types/fernet": {
      "version": "0.4.3",
      "resolved": "https://registry.npmjs.org/@types/fernet/-/fernet-0.4.3.tgz",
      "integrity": "sha512-2D6ncaTep6D+5k0oE+/lDFrgVvT4JZt8JUxXjO0W6dhWu9mOeNL9kqPwDivfQMCLh4PMHaVVOV6bsLRITZOkSA==",
      "dev": true,
      "license": "MIT",
      "dependencies": {
        "@types/crypto-js": "*"
      }
    },
    "node_modules/@types/node": {
      "version": "25.0.6",
      "resolved": "https://registry.npmjs.org/@types/node/-/node-25.0.6.tgz",
      "integrity": "sha512-NNu0sjyNxpoiW3YuVFfNz7mxSQ+S4X2G28uqg2s+CzoqoQjLPsWSbsFFyztIAqt2vb8kfEAsJNepMGPTxFDx3Q==",
      "dev": true,
      "license": "MIT",
      "dependencies": {
        "undici-types": "~7.16.0"
      }
    },
    "node_modules/crypto-js": {
      "version": "4.2.0",
      "resolved": "https://registry.npmjs.org/crypto-js/-/crypto-js-4.2.0.tgz",
      "integrity": "sha512-KALDyEYgpY+Rlob/iriUtjV6d5Eq+Y191A5g4UqLAi8CyGP9N1+FdVbkc1SxKc2r4YAYqG8JzO2KGL+AizD70Q==",
      "license": "MIT"
    },
    "node_modules/ed2curve": {
      "version": "0.3.0",
      "resolved": "https://registry.npmjs.org/ed2curve/-/ed2curve-0.3.0.tgz",
      "integrity": "sha512-8w2fmmq3hv9rCrcI7g9hms2pMunQr1JINfcjwR9tAyZqhtyaMN991lF/ZfHfr5tzZQ8c7y7aBgZbjfbd0fjFwQ==",
      "license": "Unlicense",
      "dependencies": {
        "tweetnacl": "1.x.x"
      }
    },
    "node_modules/fernet": {
      "version": "0.3.3",
      "resolved": "https://registry.npmjs.org/fernet/-/fernet-0.3.3.tgz",
      "integrity": "sha512-DvvqouVhv3VCor83wkQbSycekYUKDRQ1IKqcInaF5n5BSKgWBVfYLbSf7RRxojwQO0DZySiz5MlM2vO4MG3SUg==",
      "license": "MIT",
      "dependencies": {
        "crypto-js": "~4.2.0",
        "urlsafe-base64": "1.0.0"
      }
    },
    "node_modules/fflate": {
      "version": "0.8.2",
      "resolved": "https://registry.npmjs.org/fflate/-/fflate-0.8.2.tgz",
      "integrity": "sha512-cPJU47OaAoCbg0pBvzsgpTPhmhqI5eJjh/JIu8tPj5q+T7iLvW/JAYUqmE7KOB4R1ZyEhzBaIQpQpardBF5z8A==",
      "license": "MIT"
    },
    "node_modules/idb": {
      "version": "8.0.3",
      "resolved": "https://registry.npmjs.org/idb/-/idb-8.0.3.tgz",
      "integrity": "sha512-LtwtVyVYO5BqRvcsKuB2iUMnHwPVByPCXFXOpuU96IZPPoPN6xjOGxZQ74pgSVVLQWtUOYgyeL4GE98BY5D3wg==",
      "license": "ISC"
    },
    "node_modules/nanoid": {
      "version": "5.1.6",
      "resolved": "https://registry.npmjs.org/nanoid/-/nanoid-5.1.6.tgz",
      "integrity": "sha512-c7+7RQ+dMB5dPwwCp4ee1/iV/q2P6aK1mTZcfr1BTuVlyW9hJYiMPybJCcnBlQtuSmTIWNeazm/zqNoZSSElBg==",
      "funding": [
        {
          "type": "github",
          "url": "https://github.com/sponsors/ai"
        }
      ],
      "license": "MIT",
      "bin": {
        "nanoid": "bin/nanoid.js"
      },
      "engines": {
        "node": "^18 || >=20"
      }
    },
    "node_modules/tweetnacl": {
      "version": "1.0.3",
      "resolved": "https://registry.npmjs.org/tweetnacl/-/tweetnacl-1.0.3.tgz",
      "integrity": "sha512-6rt+RN7aOi1nGMyC4Xa5DdYiukl2UWCbcJft7YhxReBGQD7OAM8Pbxw6YMo4r2diNEA8FEmu32YOn9rhaiE5yw==",
      "license": "Unlicense"
    },
    "node_modules/typescript": {
      "version": "5.9.3",
      "resolved": "https://registry.npmjs.org/typescript/-/typescript-5.9.3.tgz",
      "integrity": "sha512-jl1vZzPDinLr9eUt3J/t7V6FgNEw9QjvBPdysz9KfQDD41fQrC2Y4vKQdiaUpFT4bXlb1RHhLpp8wtm6M5TgSw==",
      "dev": true,
      "license": "Apache-2.0",
      "bin": {
        "tsc": "bin/tsc",
        "tsserver": "bin/tsserver"
      },
      "engines": {
        "node": ">=14.17"
      }
    },
    "node_modules/undici-types": {
      "version": "7.16.0",
      "resolved": "https://registry.npmjs.org/undici-types/-/undici-types-7.16.0.tgz",
      "integrity": "sha512-Zz+aZWSj8LE6zoxD+xrjh4VfkIG8Ya6LvYkZqtUQGJPZjYl53ypCaUwWqo7eI0x66KBGeRo+mlBEkMSeSZ38Nw==",
      "dev": true,
      "license": "MIT"
    },
    "node_modules/urlsafe-base64": {
      "version": "1.0.0",
      "resolved": "https://registry.npmjs.org/urlsafe-base64/-/urlsafe-base64-1.0.0.tgz",
      "integrity": "sha512-RtuPeMy7c1UrHwproMZN9gN6kiZ0SvJwRaEzwZY0j9MypEkFqyBaKv176jvlPtg58Zh36bOkS0NFABXMHvvGCA=="
    }
  }
}
